
Microsoft Visual Studio Solution File, Format Version 12.00
# Visual Studio Version 17
VisualStudioVersion = 17.14.36408.4 d17.14
MinimumVisualStudioVersion = 10.0.40219.1
Project("{F184B08F-C81C-45F6-A57F-5ABD9991F28F}") = "TrafficLights", "TrafficLights.vbproj", "{E3279659-033E-4900-88C0-111E56448F87}"
EndProject
Global
	GlobalSection(SolutionConfigurationPlatforms) = preSolution
		Debug|Any CPU = Debug|Any CPU
		Release|Any CPU = Release|Any CPU
	EndGlobalSection
	GlobalSection(ProjectConfigurationPlatforms) = postSolution
		{E3279659-033E-4900-88C0-111E56448F87}.Debug|Any CPU.ActiveCfg = Debug|Any CPU
		{E3279659-033E-4900-88C0-111E56448F87}.Debug|Any CPU.Build.0 = Debug|Any CPU
		{E3279659-033E-4900-88C0-111E56448F87}.Release|Any CPU.ActiveCfg = Release|Any CPU
		{E3279659-033E-4900-88C0-111E56448F87}.Release|Any CPU.Build.0 = Release|Any CPU
	EndGlobalSection
	GlobalSection(SolutionProperties) = preSolution
		HideSolutionNode = FALSE
	EndGlobalSection
	GlobalSection(ExtensibilityGlobals) = postSolution
		SolutionGuid = {BA98ABDD-EAC3-4A5C-B021-8C5B5B812038}
	EndGlobalSection
EndGlobal
